
Microsoft Visual Studio Solution File, Format Version 12.00
# Visual Studio Version 17
VisualStudioVersion = 17.0.31903.59
MinimumVisualStudioVersion = 10.0.40219.1
Project("{FAE04EC0-301F-11D3-BF4B-00C04F79EFBC}") = "Hyper.Application", "Hyper.Application\Hyper.Application.csproj", "{C193B5C8-5CCC-419F-99AD-DF4F0C5E34FF}"
EndProject
Project("{FAE04EC0-301F-11D3-BF4B-00C04F79EFBC}") = "Shared.Entities", "..\..\libs\Shared.Entities\Shared.Entities.csproj", "{3FE18265-4196-4EE2-B91E-753FDB3B961D}"
EndProject
Global
	GlobalSection(SolutionConfigurationPlatforms) = preSolution
		Debug|Any CPU = Debug|Any CPU
		Release|Any CPU = Release|Any CPU
	EndGlobalSection
	GlobalSection(SolutionProperties) = preSolution
		HideSolutionNode = FALSE
	EndGlobalSection
	GlobalSection(ProjectConfigurationPlatforms) = postSolution
		{C193B5C8-5CCC-419F-99AD-DF4F0C5E34FF}.Debug|Any CPU.ActiveCfg = Debug|Any CPU
		{C193B5C8-5CCC-419F-99AD-DF4F0C5E34FF}.Debug|Any CPU.Build.0 = Debug|Any CPU
		{C193B5C8-5CCC-419F-99AD-DF4F0C5E34FF}.Release|Any CPU.ActiveCfg = Release|Any CPU
		{C193B5C8-5CCC-419F-99AD-DF4F0C5E34FF}.Release|Any CPU.Build.0 = Release|Any CPU
		{3FE18265-4196-4EE2-B91E-753FDB3B961D}.Debug|Any CPU.ActiveCfg = Debug|Any CPU
		{3FE18265-4196-4EE2-B91E-753FDB3B961D}.Debug|Any CPU.Build.0 = Debug|Any CPU
		{3FE18265-4196-4EE2-B91E-753FDB3B961D}.Release|Any CPU.ActiveCfg = Release|Any CPU
		{3FE18265-4196-4EE2-B91E-753FDB3B961D}.Release|Any CPU.Build.0 = Release|Any CPU
	EndGlobalSection
EndGlobal
