
Microsoft Visual Studio Solution File, Format Version 12.00
# Visual Studio Version 17
VisualStudioVersion = 17.0.31903.59
MinimumVisualStudioVersion = 10.0.40219.1
Project("{2150E333-8FDC-42A3-9474-1A3956D46DE8}") = "src", "src", "{934242F1-9F69-4B81-8CCB-4A59336A5CED}"
EndProject
Project("{F2A71F9B-5D33-465A-A702-920D77279786}") = "Dag.Application", "src\Dag.Application\Dag.Application.fsproj", "{18AD85DD-B163-45FC-B679-0F6E57684B89}"
EndProject
Global
	GlobalSection(SolutionConfigurationPlatforms) = preSolution
		Debug|Any CPU = Debug|Any CPU
		Release|Any CPU = Release|Any CPU
	EndGlobalSection
	GlobalSection(SolutionProperties) = preSolution
		HideSolutionNode = FALSE
	EndGlobalSection
	GlobalSection(ProjectConfigurationPlatforms) = postSolution
		{18AD85DD-B163-45FC-B679-0F6E57684B89}.Debug|Any CPU.ActiveCfg = Debug|Any CPU
		{18AD85DD-B163-45FC-B679-0F6E57684B89}.Debug|Any CPU.Build.0 = Debug|Any CPU
		{18AD85DD-B163-45FC-B679-0F6E57684B89}.Release|Any CPU.ActiveCfg = Release|Any CPU
		{18AD85DD-B163-45FC-B679-0F6E57684B89}.Release|Any CPU.Build.0 = Release|Any CPU
	EndGlobalSection
	GlobalSection(NestedProjects) = preSolution
		{18AD85DD-B163-45FC-B679-0F6E57684B89} = {934242F1-9F69-4B81-8CCB-4A59336A5CED}
	EndGlobalSection
EndGlobal
