
Microsoft Visual Studio Solution File, Format Version 12.00
# Visual Studio Version 17
VisualStudioVersion = 17.0.31903.59
MinimumVisualStudioVersion = 10.0.40219.1
Project("{FAE04EC0-301F-11D3-BF4B-00C04F79EFBC}") = "Atlas.Application", "Atlas.Application\Atlas.Application.csproj", "{7DED68F0-CF37-4025-972A-B384AAC79F64}"
EndProject
Project("{FAE04EC0-301F-11D3-BF4B-00C04F79EFBC}") = "Shared.Entities", "..\..\libs\Shared.Entities\Shared.Entities.csproj", "{780C3707-F185-49C9-85B6-5568A76F4FB6}"
EndProject
Global
	GlobalSection(SolutionConfigurationPlatforms) = preSolution
		Debug|Any CPU = Debug|Any CPU
		Release|Any CPU = Release|Any CPU
	EndGlobalSection
	GlobalSection(SolutionProperties) = preSolution
		HideSolutionNode = FALSE
	EndGlobalSection
	GlobalSection(ProjectConfigurationPlatforms) = postSolution
		{7DED68F0-CF37-4025-972A-B384AAC79F64}.Debug|Any CPU.ActiveCfg = Debug|Any CPU
		{7DED68F0-CF37-4025-972A-B384AAC79F64}.Debug|Any CPU.Build.0 = Debug|Any CPU
		{7DED68F0-CF37-4025-972A-B384AAC79F64}.Release|Any CPU.ActiveCfg = Release|Any CPU
		{7DED68F0-CF37-4025-972A-B384AAC79F64}.Release|Any CPU.Build.0 = Release|Any CPU
		{780C3707-F185-49C9-85B6-5568A76F4FB6}.Debug|Any CPU.ActiveCfg = Debug|Any CPU
		{780C3707-F185-49C9-85B6-5568A76F4FB6}.Debug|Any CPU.Build.0 = Debug|Any CPU
		{780C3707-F185-49C9-85B6-5568A76F4FB6}.Release|Any CPU.ActiveCfg = Release|Any CPU
		{780C3707-F185-49C9-85B6-5568A76F4FB6}.Release|Any CPU.Build.0 = Release|Any CPU
	EndGlobalSection
EndGlobal
